{
  "originHash" : "5d2653c9c44519a53ed5dc6b5ca750a3f36783501146398daebb7ed2fc02c1ca",
  "pins" : [
    {
      "identity" : "opencv-spm",
      "kind" : "remoteSourceControl",
      "location" : "https://github.com/yeatse/opencv-spm.git",
      "state" : {
        "revision" : "dd26dba92773b39488768888c107e5ef6b0e7c1b",
        "version" : "4.10.0"
      }
    },
    {
      "identity" : "swift-collections",
      "kind" : "remoteSourceControl",
      "location" : "https://github.com/apple/swift-collections.git",
      "state" : {
        "revision" : "671108c96644956dddcd89dd59c203dcdb36cec7",
        "version" : "1.1.4"
      }
    },
    {
      "identity" : "toastui",
      "kind" : "remoteSourceControl",
      "location" : "https://github.com/quanshousio/ToastUI",
      "state" : {
        "revision" : "146e2f52c132f681fbf798c8c9f0eb52f021f346",
        "version" : "4.0.0"
      }
    }
  ],
  "version" : 3
}
